
Microsoft Visual Studio Solution File, Format Version 12.00
# Visual Studio Version 17
VisualStudioVersion = 17.6.33712.159
MinimumVisualStudioVersion = 10.0.40219.1
Project("{FAE04EC0-301F-11D3-BF4B-00C04F79EFBC}") = "Empresa2XAOficial", "Empresa2XAOficial\Empresa2XAOficial.csproj", "{7FC6094E-6E17-458C-BA46-7C347EABEBDA}"
EndProject
Global
	GlobalSection(SolutionConfigurationPlatforms) = preSolution
		Debug|Any CPU = Debug|Any CPU
		Release|Any CPU = Release|Any CPU
	EndGlobalSection
	GlobalSection(ProjectConfigurationPlatforms) = postSolution
		{7FC6094E-6E17-458C-BA46-7C347EABEBDA}.Debug|Any CPU.ActiveCfg = Debug|Any CPU
		{7FC6094E-6E17-458C-BA46-7C347EABEBDA}.Debug|Any CPU.Build.0 = Debug|Any CPU
		{7FC6094E-6E17-458C-BA46-7C347EABEBDA}.Release|Any CPU.ActiveCfg = Release|Any CPU
		{7FC6094E-6E17-458C-BA46-7C347EABEBDA}.Release|Any CPU.Build.0 = Release|Any CPU
	EndGlobalSection
	GlobalSection(SolutionProperties) = preSolution
		HideSolutionNode = FALSE
	EndGlobalSection
	GlobalSection(ExtensibilityGlobals) = postSolution
		SolutionGuid = {E9DD9470-96AF-4D10-9733-436BAEF81957}
	EndGlobalSection
EndGlobal
